
Microsoft Visual Studio Solution File, Format Version 12.00
# Visual Studio Version 16
VisualStudioVersion = 16.0.33423.256
MinimumVisualStudioVersion = 10.0.40219.1
Project("{8BC9CEB8-8B4A-11D0-8D11-00A0C91BC942}") = "FIFO LRU", "FIFO LRU\FIFO LRU.vcxproj", "{A2DA5A75-9451-449E-B0C2-C5DF434DC61C}"
EndProject
Global
	GlobalSection(SolutionConfigurationPlatforms) = preSolution
		Debug|x64 = Debug|x64
		Debug|x86 = Debug|x86
		Release|x64 = Release|x64
		Release|x86 = Release|x86
	EndGlobalSection
	GlobalSection(ProjectConfigurationPlatforms) = postSolution
		{A2DA5A75-9451-449E-B0C2-C5DF434DC61C}.Debug|x64.ActiveCfg = Debug|x64
		{A2DA5A75-9451-449E-B0C2-C5DF434DC61C}.Debug|x64.Build.0 = Debug|x64
		{A2DA5A75-9451-449E-B0C2-C5DF434DC61C}.Debug|x86.ActiveCfg = Debug|Win32
		{A2DA5A75-9451-449E-B0C2-C5DF434DC61C}.Debug|x86.Build.0 = Debug|Win32
		{A2DA5A75-9451-449E-B0C2-C5DF434DC61C}.Release|x64.ActiveCfg = Release|x64
		{A2DA5A75-9451-449E-B0C2-C5DF434DC61C}.Release|x64.Build.0 = Release|x64
		{A2DA5A75-9451-449E-B0C2-C5DF434DC61C}.Release|x86.ActiveCfg = Release|Win32
		{A2DA5A75-9451-449E-B0C2-C5DF434DC61C}.Release|x86.Build.0 = Release|Win32
	EndGlobalSection
	GlobalSection(SolutionProperties) = preSolution
		HideSolutionNode = FALSE
	EndGlobalSection
	GlobalSection(ExtensibilityGlobals) = postSolution
		SolutionGuid = {4C7B6233-CCC3-4D73-AC3D-7AC39E5188D0}
	EndGlobalSection
EndGlobal
